
Microsoft Visual Studio Solution File, Format Version 12.00
# Visual Studio Version 16
VisualStudioVersion = 16.0.31424.327
MinimumVisualStudioVersion = 10.0.40219.1
Project("{FAE04EC0-301F-11D3-BF4B-00C04F79EFBC}") = "XGBoost_first", "XGBoost_first\XGBoost_first.csproj", "{6B6A9451-C2A7-4EBE-88C4-5BE8468438E7}"
EndProject
Global
	GlobalSection(SolutionConfigurationPlatforms) = preSolution
		Debug|Any CPU = Debug|Any CPU
		Release|Any CPU = Release|Any CPU
	EndGlobalSection
	GlobalSection(ProjectConfigurationPlatforms) = postSolution
		{6B6A9451-C2A7-4EBE-88C4-5BE8468438E7}.Debug|Any CPU.ActiveCfg = Debug|Any CPU
		{6B6A9451-C2A7-4EBE-88C4-5BE8468438E7}.Debug|Any CPU.Build.0 = Debug|Any CPU
		{6B6A9451-C2A7-4EBE-88C4-5BE8468438E7}.Release|Any CPU.ActiveCfg = Release|Any CPU
		{6B6A9451-C2A7-4EBE-88C4-5BE8468438E7}.Release|Any CPU.Build.0 = Release|Any CPU
	EndGlobalSection
	GlobalSection(SolutionProperties) = preSolution
		HideSolutionNode = FALSE
	EndGlobalSection
	GlobalSection(ExtensibilityGlobals) = postSolution
		SolutionGuid = {148BE9FC-8DE8-4C1B-AAE2-E88E74188CE4}
	EndGlobalSection
EndGlobal
